
Microsoft Visual Studio Solution File, Format Version 12.00
# Visual Studio Version 17
VisualStudioVersion = 17.4.33213.308
MinimumVisualStudioVersion = 10.0.40219.1
Project("{FAE04EC0-301F-11D3-BF4B-00C04F79EFBC}") = "BE_NET_2302", "BE_NET_2302\BE_NET_2302.csproj", "{C8B505A5-E5DB-4B47-A15C-7882C15064A2}"
EndProject
Global
	GlobalSection(SolutionConfigurationPlatforms) = preSolution
		Debug|Any CPU = Debug|Any CPU
		Release|Any CPU = Release|Any CPU
	EndGlobalSection
	GlobalSection(ProjectConfigurationPlatforms) = postSolution
		{C8B505A5-E5DB-4B47-A15C-7882C15064A2}.Debug|Any CPU.ActiveCfg = Debug|Any CPU
		{C8B505A5-E5DB-4B47-A15C-7882C15064A2}.Debug|Any CPU.Build.0 = Debug|Any CPU
		{C8B505A5-E5DB-4B47-A15C-7882C15064A2}.Release|Any CPU.ActiveCfg = Release|Any CPU
		{C8B505A5-E5DB-4B47-A15C-7882C15064A2}.Release|Any CPU.Build.0 = Release|Any CPU
	EndGlobalSection
	GlobalSection(SolutionProperties) = preSolution
		HideSolutionNode = FALSE
	EndGlobalSection
	GlobalSection(ExtensibilityGlobals) = postSolution
		SolutionGuid = {CBF2CF70-56C4-47E0-AD1F-628763C558FC}
	EndGlobalSection
EndGlobal
